
Microsoft Visual Studio Solution File, Format Version 12.00
# Visual Studio Version 17
VisualStudioVersion = 17.1.32407.343
MinimumVisualStudioVersion = 10.0.40219.1
Project("{FAE04EC0-301F-11D3-BF4B-00C04F79EFBC}") = "CadastroUsuarioAPI", "CadastroUsuarioAPI\CadastroUsuarioAPI.csproj", "{77FA61C3-8EF7-4DA7-AAD6-3D51FD177DFF}"
EndProject
Global
	GlobalSection(SolutionConfigurationPlatforms) = preSolution
		Debug|Any CPU = Debug|Any CPU
		Release|Any CPU = Release|Any CPU
	EndGlobalSection
	GlobalSection(ProjectConfigurationPlatforms) = postSolution
		{77FA61C3-8EF7-4DA7-AAD6-3D51FD177DFF}.Debug|Any CPU.ActiveCfg = Debug|Any CPU
		{77FA61C3-8EF7-4DA7-AAD6-3D51FD177DFF}.Debug|Any CPU.Build.0 = Debug|Any CPU
		{77FA61C3-8EF7-4DA7-AAD6-3D51FD177DFF}.Release|Any CPU.ActiveCfg = Release|Any CPU
		{77FA61C3-8EF7-4DA7-AAD6-3D51FD177DFF}.Release|Any CPU.Build.0 = Release|Any CPU
	EndGlobalSection
	GlobalSection(SolutionProperties) = preSolution
		HideSolutionNode = FALSE
	EndGlobalSection
	GlobalSection(ExtensibilityGlobals) = postSolution
		SolutionGuid = {6CF65FA6-2B22-421A-9DCC-D2E7FE49F3A6}
	EndGlobalSection
EndGlobal
